
Microsoft Visual Studio Solution File, Format Version 12.00
# Visual Studio Version 17
VisualStudioVersion = 17.7.34031.279
MinimumVisualStudioVersion = 10.0.40219.1
Project("{FAE04EC0-301F-11D3-BF4B-00C04F79EFBC}") = "spa-aspnet-react-game", "spa-aspnet-react-game\spa-aspnet-react-game.csproj", "{F02D7183-9026-4CCA-9D01-C998BE740832}"
EndProject
Global
	GlobalSection(SolutionConfigurationPlatforms) = preSolution
		Debug|Any CPU = Debug|Any CPU
		Release|Any CPU = Release|Any CPU
	EndGlobalSection
	GlobalSection(ProjectConfigurationPlatforms) = postSolution
		{F02D7183-9026-4CCA-9D01-C998BE740832}.Debug|Any CPU.ActiveCfg = Debug|Any CPU
		{F02D7183-9026-4CCA-9D01-C998BE740832}.Debug|Any CPU.Build.0 = Debug|Any CPU
		{F02D7183-9026-4CCA-9D01-C998BE740832}.Release|Any CPU.ActiveCfg = Release|Any CPU
		{F02D7183-9026-4CCA-9D01-C998BE740832}.Release|Any CPU.Build.0 = Release|Any CPU
	EndGlobalSection
	GlobalSection(SolutionProperties) = preSolution
		HideSolutionNode = FALSE
	EndGlobalSection
	GlobalSection(ExtensibilityGlobals) = postSolution
		SolutionGuid = {72034CAA-3872-472F-8613-A25DDF001B4C}
	EndGlobalSection
EndGlobal
